
Microsoft Visual Studio Solution File, Format Version 12.00
# Visual Studio Version 16
VisualStudioVersion = 16.0.32228.343
MinimumVisualStudioVersion = 10.0.40219.1
Project("{FAE04EC0-301F-11D3-BF4B-00C04F79EFBC}") = "ConsoleApp2", "ConsoleApp2.csproj", "{FDDFDAD6-39F7-4CDD-A6D1-53C22EF29F09}"
EndProject
Global
	GlobalSection(SolutionConfigurationPlatforms) = preSolution
		Debug|Any CPU = Debug|Any CPU
		Release|Any CPU = Release|Any CPU
	EndGlobalSection
	GlobalSection(ProjectConfigurationPlatforms) = postSolution
		{FDDFDAD6-39F7-4CDD-A6D1-53C22EF29F09}.Debug|Any CPU.ActiveCfg = Debug|Any CPU
		{FDDFDAD6-39F7-4CDD-A6D1-53C22EF29F09}.Debug|Any CPU.Build.0 = Debug|Any CPU
		{FDDFDAD6-39F7-4CDD-A6D1-53C22EF29F09}.Release|Any CPU.ActiveCfg = Release|Any CPU
		{FDDFDAD6-39F7-4CDD-A6D1-53C22EF29F09}.Release|Any CPU.Build.0 = Release|Any CPU
	EndGlobalSection
	GlobalSection(SolutionProperties) = preSolution
		HideSolutionNode = FALSE
	EndGlobalSection
	GlobalSection(ExtensibilityGlobals) = postSolution
		SolutionGuid = {A29E6BD0-C99D-464C-88E7-9ADBAC6B189D}
	EndGlobalSection
EndGlobal
